
Microsoft Visual Studio Solution File, Format Version 12.00
# Visual Studio Version 17
VisualStudioVersion = 17.1.32414.318
MinimumVisualStudioVersion = 10.0.40219.1
Project("{FAE04EC0-301F-11D3-BF4B-00C04F79EFBC}") = "PicuSpace.Web", "PicuSpace.Web\PicuSpace.Web.csproj", "{F00C9BF5-464B-4A98-BC93-55BF086859E3}"
EndProject
Global
	GlobalSection(SolutionConfigurationPlatforms) = preSolution
		Debug|Any CPU = Debug|Any CPU
		Release|Any CPU = Release|Any CPU
	EndGlobalSection
	GlobalSection(ProjectConfigurationPlatforms) = postSolution
		{F00C9BF5-464B-4A98-BC93-55BF086859E3}.Debug|Any CPU.ActiveCfg = Debug|Any CPU
		{F00C9BF5-464B-4A98-BC93-55BF086859E3}.Debug|Any CPU.Build.0 = Debug|Any CPU
		{F00C9BF5-464B-4A98-BC93-55BF086859E3}.Release|Any CPU.ActiveCfg = Release|Any CPU
		{F00C9BF5-464B-4A98-BC93-55BF086859E3}.Release|Any CPU.Build.0 = Release|Any CPU
	EndGlobalSection
	GlobalSection(SolutionProperties) = preSolution
		HideSolutionNode = FALSE
	EndGlobalSection
	GlobalSection(ExtensibilityGlobals) = postSolution
		SolutionGuid = {210CBD73-9A08-4B0B-BC49-F5208F242C12}
	EndGlobalSection
EndGlobal
